
Microsoft Visual Studio Solution File, Format Version 12.00
# Visual Studio Version 17
VisualStudioVersion = 17.0.31912.275
MinimumVisualStudioVersion = 10.0.40219.1
Project("{F184B08F-C81C-45F6-A57F-5ABD9991F28F}") = "Prisoner's Dilemma Simulation", "Prisoner's Dilemma Simulation\Prisoner's Dilemma Simulation.vbproj", "{AB515F02-B42D-42A7-80E7-8F4F393500C0}"
EndProject
Global
	GlobalSection(SolutionConfigurationPlatforms) = preSolution
		Debug|Any CPU = Debug|Any CPU
		Release|Any CPU = Release|Any CPU
	EndGlobalSection
	GlobalSection(ProjectConfigurationPlatforms) = postSolution
		{AB515F02-B42D-42A7-80E7-8F4F393500C0}.Debug|Any CPU.ActiveCfg = Debug|Any CPU
		{AB515F02-B42D-42A7-80E7-8F4F393500C0}.Debug|Any CPU.Build.0 = Debug|Any CPU
		{AB515F02-B42D-42A7-80E7-8F4F393500C0}.Release|Any CPU.ActiveCfg = Release|Any CPU
		{AB515F02-B42D-42A7-80E7-8F4F393500C0}.Release|Any CPU.Build.0 = Release|Any CPU
	EndGlobalSection
	GlobalSection(SolutionProperties) = preSolution
		HideSolutionNode = FALSE
	EndGlobalSection
	GlobalSection(ExtensibilityGlobals) = postSolution
		SolutionGuid = {F4E2CA1C-8D1F-4F8D-A78A-22C3E9FD7682}
	EndGlobalSection
EndGlobal
